
Microsoft Visual Studio Solution File, Format Version 12.00
# Visual Studio Version 17
VisualStudioVersion = 17.4.33122.133
MinimumVisualStudioVersion = 10.0.40219.1
Project("{FAE04EC0-301F-11D3-BF4B-00C04F79EFBC}") = "WDP_Laby1", "WDP_Laby1\WDE_Laby1.csproj", "{DDC3B962-C09A-4091-8EC9-3306288425F3}"
EndProject
Global
	GlobalSection(SolutionConfigurationPlatforms) = preSolution
		Debug|Any CPU = Debug|Any CPU
		Release|Any CPU = Release|Any CPU
	EndGlobalSection
	GlobalSection(ProjectConfigurationPlatforms) = postSolution
		{DDC3B962-C09A-4091-8EC9-3306288425F3}.Debug|Any CPU.ActiveCfg = Debug|Any CPU
		{DDC3B962-C09A-4091-8EC9-3306288425F3}.Debug|Any CPU.Build.0 = Debug|Any CPU
		{DDC3B962-C09A-4091-8EC9-3306288425F3}.Release|Any CPU.ActiveCfg = Release|Any CPU
		{DDC3B962-C09A-4091-8EC9-3306288425F3}.Release|Any CPU.Build.0 = Release|Any CPU
	EndGlobalSection
	GlobalSection(SolutionProperties) = preSolution
		HideSolutionNode = FALSE
	EndGlobalSection
	GlobalSection(ExtensibilityGlobals) = postSolution
		SolutionGuid = {C7A9EE3E-41B2-4430-B4FC-4B8612E59BB0}
	EndGlobalSection
EndGlobal
