
Microsoft Visual Studio Solution File, Format Version 12.00
# Visual Studio Version 17
VisualStudioVersion = 17.4.33122.133
MinimumVisualStudioVersion = 10.0.40219.1
Project("{FAE04EC0-301F-11D3-BF4B-00C04F79EFBC}") = "WDP_Zadania", "WDP_Zadania.csproj", "{983973FD-E697-48AE-A627-21F6C678A536}"
EndProject
Global
	GlobalSection(SolutionConfigurationPlatforms) = preSolution
		Debug|Any CPU = Debug|Any CPU
		Release|Any CPU = Release|Any CPU
	EndGlobalSection
	GlobalSection(ProjectConfigurationPlatforms) = postSolution
		{983973FD-E697-48AE-A627-21F6C678A536}.Debug|Any CPU.ActiveCfg = Debug|Any CPU
		{983973FD-E697-48AE-A627-21F6C678A536}.Debug|Any CPU.Build.0 = Debug|Any CPU
		{983973FD-E697-48AE-A627-21F6C678A536}.Release|Any CPU.ActiveCfg = Release|Any CPU
		{983973FD-E697-48AE-A627-21F6C678A536}.Release|Any CPU.Build.0 = Release|Any CPU
	EndGlobalSection
	GlobalSection(SolutionProperties) = preSolution
		HideSolutionNode = FALSE
	EndGlobalSection
	GlobalSection(ExtensibilityGlobals) = postSolution
		SolutionGuid = {5706C5AA-6FB6-4363-840A-F109AC3C091E}
	EndGlobalSection
EndGlobal
